// !$*UTF8*$!
{
	archiveVersion = 1;
	classes = {
	};
	objectVersion = 55;
	objects = {

/* Begin PBXBuildFile section */
		188491682816BCB800A8B0DC /* SignUpViewModel.swift in Sources */ = {isa = PBXBuildFile; fileRef = 188491672816BCB700A8B0DC /* SignUpViewModel.swift */; };
		189A95C92811BFA700F262DF /* SwiftUIBasicsApp.swift in Sources */ = {isa = PBXBuildFile; fileRef = 189A95C82811BFA700F262DF /* SwiftUIBasicsApp.swift */; };
		189A95CB2811BFA700F262DF /* ContentView.swift in Sources */ = {isa = PBXBuildFile; fileRef = 189A95CA2811BFA700F262DF /* ContentView.swift */; };
		189A95CD2811BFA900F262DF /* Assets.xcassets in Resources */ = {isa = PBXBuildFile; fileRef = 189A95CC2811BFA900F262DF /* Assets.xcassets */; };
		189A95D02811BFA900F262DF /* Preview Assets.xcassets in Resources */ = {isa = PBXBuildFile; fileRef = 189A95CF2811BFA900F262DF /* Preview Assets.xcassets */; };
		189A95D22811BFA900F262DF /* Persistence.swift in Sources */ = {isa = PBXBuildFile; fileRef = 189A95D12811BFA900F262DF /* Persistence.swift */; };
		189A95D52811BFA900F262DF /* SwiftUIBasics.xcdatamodeld in Sources */ = {isa = PBXBuildFile; fileRef = 189A95D32811BFA900F262DF /* SwiftUIBasics.xcdatamodeld */; };
		189A95DF2811BFAA00F262DF /* SwiftUIBasicsTests.swift in Sources */ = {isa = PBXBuildFile; fileRef = 189A95DE2811BFAA00F262DF /* SwiftUIBasicsTests.swift */; };
		189A95E92811BFAA00F262DF /* SwiftUIBasicsUITests.swift in Sources */ = {isa = PBXBuildFile; fileRef = 189A95E82811BFAA00F262DF /* SwiftUIBasicsUITests.swift */; };
		189A95EB2811BFAA00F262DF /* SwiftUIBasicsUITestsLaunchTests.swift in Sources */ = {isa = PBXBuildFile; fileRef = 189A95EA2811BFAA00F262DF /* SwiftUIBasicsUITestsLaunchTests.swift */; };
/* End PBXBuildFile section */

/* Begin PBXContainerItemProxy section */
		189A95DB2811BFAA00F262DF /* PBXContainerItemProxy */ = {
			isa = PBXContainerItemProxy;
			containerPortal = 189A95BD2811BFA700F262DF /* Project object */;
			proxyType = 1;
			remoteGlobalIDString = 189A95C42811BFA700F262DF;
			remoteInfo = SwiftUIBasics;
		};
		189A95E52811BFAA00F262DF /* PBXContainerItemProxy */ = {
			isa = PBXContainerItemProxy;
			containerPortal = 189A95BD2811BFA700F262DF /* Project object */;
			proxyType = 1;
			remoteGlobalIDString = 189A95C42811BFA700F262DF;
			remoteInfo = SwiftUIBasics;
		};
/* End PBXContainerItemProxy section */

/* Begin PBXFileReference section */
		188491672816BCB700A8B0DC /* SignUpViewModel.swift */ = {isa = PBXFileReference; lastKnownFileType = sourcecode.swift; path = SignUpViewModel.swift; sourceTree = "<group>"; };
		189A95C52811BFA700F262DF /* SwiftUIBasics.app */ = {isa = PBXFileReference; explicitFileType = wrapper.application; includeInIndex = 0; path = SwiftUIBasics.app; sourceTree = BUILT_PRODUCTS_DIR; };
		189A95C82811BFA700F262DF /* SwiftUIBasicsApp.swift */ = {isa = PBXFileReference; lastKnownFileType = sourcecode.swift; path = SwiftUIBasicsApp.swift; sourceTree = "<group>"; };
		189A95CA2811BFA700F262DF /* ContentView.swift */ = {isa = PBXFileReference; lastKnownFileType = sourcecode.swift; path = ContentView.swift; sourceTree = "<group>"; };
		189A95CC2811BFA900F262DF /* Assets.xcassets */ = {isa = PBXFileReference; lastKnownFileType = folder.assetcatalog; path = Assets.xcassets; sourceTree = "<group>"; };
		189A95CF2811BFA900F262DF /* Preview Assets.xcassets */ = {isa = PBXFileReference; lastKnownFileType = folder.assetcatalog; path = "Preview Assets.xcassets"; sourceTree = "<group>"; };
		189A95D12811BFA900F262DF /* Persistence.swift */ = {isa = PBXFileReference; lastKnownFileType = sourcecode.swift; path = Persistence.swift; sourceTree = "<group>"; };
		189A95D42811BFA900F262DF /* SwiftUIBasics.xcdatamodel */ = {isa = PBXFileReference; lastKnownFileType = wrapper.xcdatamodel; path = SwiftUIBasics.xcdatamodel; sourceTree = "<group>"; };
		189A95DA2811BFAA00F262DF /* SwiftUIBasicsTests.xctest */ = {isa = PBXFileReference; explicitFileType = wrapper.cfbundle; includeInIndex = 0; path = SwiftUIBasicsTests.xctest; sourceTree = BUILT_PRODUCTS_DIR; };
		189A95DE2811BFAA00F262DF /* SwiftUIBasicsTests.swift */ = {isa = PBXFileReference; lastKnownFileType = sourcecode.swift; path = SwiftUIBasicsTests.swift; sourceTree = "<group>"; };
		189A95E42811BFAA00F262DF /* SwiftUIBasicsUITests.xctest */ = {isa = PBXFileReference; explicitFileType = wrapper.cfbundle; includeInIndex = 0; path = SwiftUIBasicsUITests.xctest; sourceTree = BUILT_PRODUCTS_DIR; };
		189A95E82811BFAA00F262DF /* SwiftUIBasicsUITests.swift */ = {isa = PBXFileReference; lastKnownFileType = sourcecode.swift; path = SwiftUIBasicsUITests.swift; sourceTree = "<group>"; };
		189A95EA2811BFAA00F262DF /* SwiftUIBasicsUITestsLaunchTests.swift */ = {isa = PBXFileReference; lastKnownFileType = sourcecode.swift; path = SwiftUIBasicsUITestsLaunchTests.swift; sourceTree = "<group>"; };
/* End PBXFileReference section */

/* Begin PBXFrameworksBuildPhase section */
		189A95C22811BFA700F262DF /* Frameworks */ = {
			isa = PBXFrameworksBuildPhase;
			buildActionMask = 2147483647;
			files = (
			);
			runOnlyForDeploymentPostprocessing = 0;
		};
		189A95D72811BFAA00F262DF /* Frameworks */ = {
			isa = PBXFrameworksBuildPhase;
			buildActionMask = 2147483647;
			files = (
			);
			runOnlyForDeploymentPostprocessing = 0;
		};
		189A95E12811BFAA00F262DF /* Frameworks */ = {
			isa = PBXFrameworksBuildPhase;
			buildActionMask = 2147483647;
			files = (
			);
			runOnlyForDeploymentPostprocessing = 0;
		};
/* End PBXFrameworksBuildPhase section */

/* Begin PBXGroup section */
		189A95BC2811BFA700F262DF = {
			isa = PBXGroup;
			children = (
				189A95C72811BFA700F262DF /* SwiftUIBasics */,
				189A95DD2811BFAA00F262DF /* SwiftUIBasicsTests */,
				189A95E72811BFAA00F262DF /* SwiftUIBasicsUITests */,
				189A95C62811BFA700F262DF /* Products */,
			);
			sourceTree = "<group>";
		};
		189A95C62811BFA700F262DF /* Products */ = {
			isa = PBXGroup;
			children = (
				189A95C52811BFA700F262DF /* SwiftUIBasics.app */,
				189A95DA2811BFAA00F262DF /* SwiftUIBasicsTests.xctest */,
				189A95E42811BFAA00F262DF /* SwiftUIBasicsUITests.xctest */,
			);
			name = Products;
			sourceTree = "<group>";
		};
		189A95C72811BFA700F262DF /* SwiftUIBasics */ = {
			isa = PBXGroup;
			children = (
				189A95C82811BFA700F262DF /* SwiftUIBasicsApp.swift */,
				189A95CA2811BFA700F262DF /* ContentView.swift */,
				189A95CC2811BFA900F262DF /* Assets.xcassets */,
				189A95D12811BFA900F262DF /* Persistence.swift */,
				189A95D32811BFA900F262DF /* SwiftUIBasics.xcdatamodeld */,
				189A95CE2811BFA900F262DF /* Preview Content */,
				188491672816BCB700A8B0DC /* SignUpViewModel.swift */,
			);
			path = SwiftUIBasics;
			sourceTree = "<group>";
		};
		189A95CE2811BFA900F262DF /* Preview Content */ = {
			isa = PBXGroup;
			children = (
				189A95CF2811BFA900F262DF /* Preview Assets.xcassets */,
			);
			path = "Preview Content";
			sourceTree = "<group>";
		};
		189A95DD2811BFAA00F262DF /* SwiftUIBasicsTests */ = {
			isa = PBXGroup;
			children = (
				189A95DE2811BFAA00F262DF /* SwiftUIBasicsTests.swift */,
			);
			path = SwiftUIBasicsTests;
			sourceTree = "<group>";
		};
		189A95E72811BFAA00F262DF /* SwiftUIBasicsUITests */ = {
			isa = PBXGroup;
			children = (
				189A95E82811BFAA00F262DF /* SwiftUIBasicsUITests.swift */,
				189A95EA2811BFAA00F262DF /* SwiftUIBasicsUITestsLaunchTests.swift */,
			);
			path = SwiftUIBasicsUITests;
			sourceTree = "<group>";
		};
/* End PBXGroup section */

/* Begin PBXNativeTarget section */
		189A95C42811BFA700F262DF /* SwiftUIBasics */ = {
			isa = PBXNativeTarget;
			buildConfigurationList = 189A95EE2811BFAA00F262DF /* Build configuration list for PBXNativeTarget "SwiftUIBasics" */;
			buildPhases = (
				189A95C12811BFA700F262DF /* Sources */,
				189A95C22811BFA700F262DF /* Frameworks */,
				189A95C32811BFA700F262DF /* Resources */,
			);
			buildRules = (
			);
			dependencies = (
			);
			name = SwiftUIBasics;
			productName = SwiftUIBasics;
			productReference = 189A95C52811BFA700F262DF /* SwiftUIBasics.app */;
			productType = "com.apple.product-type.application";
		};
		189A95D92811BFAA00F262DF /* SwiftUIBasicsTests */ = {
			isa = PBXNativeTarget;
			buildConfigurationList = 189A95F12811BFAA00F262DF /* Build configuration list for PBXNativeTarget "SwiftUIBasicsTests" */;
			buildPhases = (
				189A95D62811BFAA00F262DF /* Sources */,
				189A95D72811BFAA00F262DF /* Frameworks */,
				189A95D82811BFAA00F262DF /* Resources */,
			);
			buildRules = (
			);
			dependencies = (
				189A95DC2811BFAA00F262DF /* PBXTargetDependency */,
			);
			name = SwiftUIBasicsTests;
			productName = SwiftUIBasicsTests;
			productReference = 189A95DA2811BFAA00F262DF /* SwiftUIBasicsTests.xctest */;
			productType = "com.apple.product-type.bundle.unit-test";
		};
		189A95E32811BFAA00F262DF /* SwiftUIBasicsUITests */ = {
			isa = PBXNativeTarget;
			buildConfigurationList = 189A95F42811BFAA00F262DF /* Build configuration list for PBXNativeTarget "SwiftUIBasicsUITests" */;
			buildPhases = (
				189A95E02811BFAA00F262DF /* Sources */,
				189A95E12811BFAA00F262DF /* Frameworks */,
				189A95E22811BFAA00F262DF /* Resources */,
			);
			buildRules = (
			);
			dependencies = (
				189A95E62811BFAA00F262DF /* PBXTargetDependency */,
			);
			name = SwiftUIBasicsUITests;
			productName = SwiftUIBasicsUITests;
			productReference = 189A95E42811BFAA00F262DF /* SwiftUIBasicsUITests.xctest */;
			productType = "com.apple.product-type.bundle.ui-testing";
		};
/* End PBXNativeTarget section */

/* Begin PBXProject section */
		189A95BD2811BFA700F262DF /* Project object */ = {
			isa = PBXProject;
			attributes = {
				BuildIndependentTargetsInParallel = 1;
				LastSwiftUpdateCheck = 1320;
				LastUpgradeCheck = 1320;
				TargetAttributes = {
					189A95C42811BFA700F262DF = {
						CreatedOnToolsVersion = 13.2.1;
					};
					189A95D92811BFAA00F262DF = {
						CreatedOnToolsVersion = 13.2.1;
						TestTargetID = 189A95C42811BFA700F262DF;
					};
					189A95E32811BFAA00F262DF = {
						CreatedOnToolsVersion = 13.2.1;
						TestTargetID = 189A95C42811BFA700F262DF;
					};
				};
			};
			buildConfigurationList = 189A95C02811BFA700F262DF /* Build configuration list for PBXProject "SwiftUIBasics" */;
			compatibilityVersion = "Xcode 13.0";
			developmentRegion = en;
			hasScannedForEncodings = 0;
			knownRegions = (
				en,
				Base,
			);
			mainGroup = 189A95BC2811BFA700F262DF;
			productRefGroup = 189A95C62811BFA700F262DF /* Products */;
			projectDirPath = "";
			projectRoot = "";
			targets = (
				189A95C42811BFA700F262DF /* SwiftUIBasics */,
				189A95D92811BFAA00F262DF /* SwiftUIBasicsTests */,
				189A95E32811BFAA00F262DF /* SwiftUIBasicsUITests */,
			);
		};
/* End PBXProject section */

/* Begin PBXResourcesBuildPhase section */
		189A95C32811BFA700F262DF /* Resources */ = {
			isa = PBXResourcesBuildPhase;
			buildActionMask = 2147483647;
			files = (
				189A95D02811BFA900F262DF /* Preview Assets.xcassets in Resources */,
				189A95CD2811BFA900F262DF /* Assets.xcassets in Resources */,
			);
			runOnlyForDeploymentPostprocessing = 0;
		};
		189A95D82811BFAA00F262DF /* Resources */ = {
			isa = PBXResourcesBuildPhase;
			buildActionMask = 2147483647;
			files = (
			);
			runOnlyForDeploymentPostprocessing = 0;
		};
		189A95E22811BFAA00F262DF /* Resources */ = {
			isa = PBXResourcesBuildPhase;
			buildActionMask = 2147483647;
			files = (
			);
			runOnlyForDeploymentPostprocessing = 0;
		};
/* End PBXResourcesBuildPhase section */

/* Begin PBXSourcesBuildPhase section */
		189A95C12811BFA700F262DF /* Sources */ = {
			isa = PBXSourcesBuildPhase;
			buildActionMask = 2147483647;
			files = (
				189A95D22811BFA900F262DF /* Persistence.swift in Sources */,
				189A95CB2811BFA700F262DF /* ContentView.swift in Sources */,
				188491682816BCB800A8B0DC /* SignUpViewModel.swift in Sources */,
				189A95D52811BFA900F262DF /* SwiftUIBasics.xcdatamodeld in Sources */,
				189A95C92811BFA700F262DF /* SwiftUIBasicsApp.swift in Sources */,
			);
			runOnlyForDeploymentPostprocessing = 0;
		};
		189A95D62811BFAA00F262DF /* Sources */ = {
			isa = PBXSourcesBuildPhase;
			buildActionMask = 2147483647;
			files = (
				189A95DF2811BFAA00F262DF /* SwiftUIBasicsTests.swift in Sources */,
			);
			runOnlyForDeploymentPostprocessing = 0;
		};
		189A95E02811BFAA00F262DF /* Sources */ = {
			isa = PBXSourcesBuildPhase;
			buildActionMask = 2147483647;
			files = (
				189A95E92811BFAA00F262DF /* SwiftUIBasicsUITests.swift in Sources */,
				189A95EB2811BFAA00F262DF /* SwiftUIBasicsUITestsLaunchTests.swift in Sources */,
			);
			runOnlyForDeploymentPostprocessing = 0;
		};
/* End PBXSourcesBuildPhase section */

/* Begin PBXTargetDependency section */
		189A95DC2811BFAA00F262DF /* PBXTargetDependency */ = {
			isa = PBXTargetDependency;
			target = 189A95C42811BFA700F262DF /* SwiftUIBasics */;
			targetProxy = 189A95DB2811BFAA00F262DF /* PBXContainerItemProxy */;
		};
		189A95E62811BFAA00F262DF /* PBXTargetDependency */ = {
			isa = PBXTargetDependency;
			target = 189A95C42811BFA700F262DF /* SwiftUIBasics */;
			targetProxy = 189A95E52811BFAA00F262DF /* PBXContainerItemProxy */;
		};
/* End PBXTargetDependency section */

/* Begin XCBuildConfiguration section */
		189A95EC2811BFAA00F262DF /* Debug */ = {
			isa = XCBuildConfiguration;
			buildSettings = {
				ALWAYS_SEARCH_USER_PATHS = NO;
				CLANG_ANALYZER_NONNULL = YES;
				CLANG_ANALYZER_NUMBER_OBJECT_CONVERSION = YES_AGGRESSIVE;
				CLANG_CXX_LANGUAGE_STANDARD = "gnu++17";
				CLANG_CXX_LIBRARY = "libc++";
				CLANG_ENABLE_MODULES = YES;
				CLANG_ENABLE_OBJC_ARC = YES;
				CLANG_ENABLE_OBJC_WEAK = YES;
				CLANG_WARN_BLOCK_CAPTURE_AUTORELEASING = YES;
				CLANG_WARN_BOOL_CONVERSION = YES;
				CLANG_WARN_COMMA = YES;
				CLANG_WARN_CONSTANT_CONVERSION = YES;
				CLANG_WARN_DEPRECATED_OBJC_IMPLEMENTATIONS = YES;
				CLANG_WARN_DIRECT_OBJC_ISA_USAGE = YES_ERROR;
				CLANG_WARN_DOCUMENTATION_COMMENTS = YES;
				CLANG_WARN_EMPTY_BODY = YES;
				CLANG_WARN_ENUM_CONVERSION = YES;
				CLANG_WARN_INFINITE_RECURSION = YES;
				CLANG_WARN_INT_CONVERSION = YES;
				CLANG_WARN_NON_LITERAL_NULL_CONVERSION = YES;
				CLANG_WARN_OBJC_IMPLICIT_RETAIN_SELF = YES;
				CLANG_WARN_OBJC_LITERAL_CONVERSION = YES;
				CLANG_WARN_OBJC_ROOT_CLASS = YES_ERROR;
				CLANG_WARN_QUOTED_INCLUDE_IN_FRAMEWORK_HEADER = YES;
				CLANG_WARN_RANGE_LOOP_ANALYSIS = YES;
				CLANG_WARN_STRICT_PROTOTYPES = YES;
				CLANG_WARN_SUSPICIOUS_MOVE = YES;
				CLANG_WARN_UNGUARDED_AVAILABILITY = YES_AGGRESSIVE;
				CLANG_WARN_UNREACHABLE_CODE = YES;
				CLANG_WARN__DUPLICATE_METHOD_MATCH = YES;
				COPY_PHASE_STRIP = NO;
				DEBUG_INFORMATION_FORMAT = dwarf;
				ENABLE_STRICT_OBJC_MSGSEND = YES;
				ENABLE_TESTABILITY = YES;
				GCC_C_LANGUAGE_STANDARD = gnu11;
				GCC_DYNAMIC_NO_PIC = NO;
				GCC_NO_COMMON_BLOCKS = YES;
				GCC_OPTIMIZATION_LEVEL = 0;
				GCC_PREPROCESSOR_DEFINITIONS = (
					"DEBUG=1",
					"$(inherited)",
				);
				GCC_WARN_64_TO_32_BIT_CONVERSION = YES;
				GCC_WARN_ABOUT_RETURN_TYPE = YES_ERROR;
				GCC_WARN_UNDECLARED_SELECTOR = YES;
				GCC_WARN_UNINITIALIZED_AUTOS = YES_AGGRESSIVE;
				GCC_WARN_UNUSED_FUNCTION = YES;
				GCC_WARN_UNUSED_VARIABLE = YES;
				IPHONEOS_DEPLOYMENT_TARGET = 15.2;
				MTL_ENABLE_DEBUG_INFO = INCLUDE_SOURCE;
				MTL_FAST_MATH = YES;
				ONLY_ACTIVE_ARCH = YES;
				SDKROOT = iphoneos;
				SWIFT_ACTIVE_COMPILATION_CONDITIONS = DEBUG;
				SWIFT_OPTIMIZATION_LEVEL = "-Onone";
			};
			name = Debug;
		};
		189A95ED2811BFAA00F262DF /* Release */ = {
			isa = XCBuildConfiguration;
			buildSettings = {
				ALWAYS_SEARCH_USER_PATHS = NO;
				CLANG_ANALYZER_NONNULL = YES;
				CLANG_ANALYZER_NUMBER_OBJECT_CONVERSION = YES_AGGRESSIVE;
				CLANG_CXX_LANGUAGE_STANDARD = "gnu++17";
				CLANG_CXX_LIBRARY = "libc++";
				CLANG_ENABLE_MODULES = YES;
				CLANG_ENABLE_OBJC_ARC = YES;
				CLANG_ENABLE_OBJC_WEAK = YES;
				CLANG_WARN_BLOCK_CAPTURE_AUTORELEASING = YES;
				CLANG_WARN_BOOL_CONVERSION = YES;
				CLANG_WARN_COMMA = YES;
				CLANG_WARN_CONSTANT_CONVERSION = YES;
				CLANG_WARN_DEPRECATED_OBJC_IMPLEMENTATIONS = YES;
				CLANG_WARN_DIRECT_OBJC_ISA_USAGE = YES_ERROR;
				CLANG_WARN_DOCUMENTATION_COMMENTS = YES;
				CLANG_WARN_EMPTY_BODY = YES;
				CLANG_WARN_ENUM_CONVERSION = YES;
				CLANG_WARN_INFINITE_RECURSION = YES;
				CLANG_WARN_INT_CONVERSION = YES;
				CLANG_WARN_NON_LITERAL_NULL_CONVERSION = YES;
				CLANG_WARN_OBJC_IMPLICIT_RETAIN_SELF = YES;
				CLANG_WARN_OBJC_LITERAL_CONVERSION = YES;
				CLANG_WARN_OBJC_ROOT_CLASS = YES_ERROR;
				CLANG_WARN_QUOTED_INCLUDE_IN_FRAMEWORK_HEADER = YES;
				CLANG_WARN_RANGE_LOOP_ANALYSIS = YES;
				CLANG_WARN_STRICT_PROTOTYPES = YES;
				CLANG_WARN_SUSPICIOUS_MOVE = YES;
				CLANG_WARN_UNGUARDED_AVAILABILITY = YES_AGGRESSIVE;
				CLANG_WARN_UNREACHABLE_CODE = YES;
				CLANG_WARN__DUPLICATE_METHOD_MATCH = YES;
				COPY_PHASE_STRIP = NO;
				DEBUG_INFORMATION_FORMAT = "dwarf-with-dsym";
				ENABLE_NS_ASSERTIONS = NO;
				ENABLE_STRICT_OBJC_MSGSEND = YES;
				GCC_C_LANGUAGE_STANDARD = gnu11;
				GCC_NO_COMMON_BLOCKS = YES;
				GCC_WARN_64_TO_32_BIT_CONVERSION = YES;
				GCC_WARN_ABOUT_RETURN_TYPE = YES_ERROR;
				GCC_WARN_UNDECLARED_SELECTOR = YES;
				GCC_WARN_UNINITIALIZED_AUTOS = YES_AGGRESSIVE;
				GCC_WARN_UNUSED_FUNCTION = YES;
				GCC_WARN_UNUSED_VARIABLE = YES;
				IPHONEOS_DEPLOYMENT_TARGET = 15.2;
				MTL_ENABLE_DEBUG_INFO = NO;
				MTL_FAST_MATH = YES;
				SDKROOT = iphoneos;
				SWIFT_COMPILATION_MODE = wholemodule;
				SWIFT_OPTIMIZATION_LEVEL = "-O";
				VALIDATE_PRODUCT = YES;
			};
			name = Release;
		};
		189A95EF2811BFAA00F262DF /* Debug */ = {
			isa = XCBuildConfiguration;
			buildSettings = {
				ASSETCATALOG_COMPILER_APPICON_NAME = AppIcon;
				ASSETCATALOG_COMPILER_GLOBAL_ACCENT_COLOR_NAME = AccentColor;
				CODE_SIGN_STYLE = Automatic;
				CURRENT_PROJECT_VERSION = 1;
				DEVELOPMENT_ASSET_PATHS = "\"SwiftUIBasics/Preview Content\"";
				DEVELOPMENT_TEAM = A8MY7W6Z5F;
				ENABLE_PREVIEWS = YES;
				GENERATE_INFOPLIST_FILE = YES;
				INFOPLIST_KEY_UIApplicationSceneManifest_Generation = YES;
				INFOPLIST_KEY_UIApplicationSupportsIndirectInputEvents = YES;
				INFOPLIST_KEY_UILaunchScreen_Generation = YES;
				INFOPLIST_KEY_UISupportedInterfaceOrientations_iPad = "UIInterfaceOrientationPortrait UIInterfaceOrientationPortraitUpsideDown UIInterfaceOrientationLandscapeLeft UIInterfaceOrientationLandscapeRight";
				INFOPLIST_KEY_UISupportedInterfaceOrientations_iPhone = "UIInterfaceOrientationPortrait UIInterfaceOrientationLandscapeLeft UIInterfaceOrientationLandscapeRight";
				LD_RUNPATH_SEARCH_PATHS = (
					"$(inherited)",
					"@executable_path/Frameworks",
				);
				MARKETING_VERSION = 1.0;
				PRODUCT_BUNDLE_IDENTIFIER = com.GS.L.SwiftUIBasics;
				PRODUCT_NAME = "$(TARGET_NAME)";
				SWIFT_EMIT_LOC_STRINGS = YES;
				SWIFT_VERSION = 5.0;
				TARGETED_DEVICE_FAMILY = "1,2";
			};
			name = Debug;
		};
		189A95F02811BFAA00F262DF /* Release */ = {
			isa = XCBuildConfiguration;
			buildSettings = {
				ASSETCATALOG_COMPILER_APPICON_NAME = AppIcon;
				ASSETCATALOG_COMPILER_GLOBAL_ACCENT_COLOR_NAME = AccentColor;
				CODE_SIGN_STYLE = Automatic;
				CURRENT_PROJECT_VERSION = 1;
				DEVELOPMENT_ASSET_PATHS = "\"SwiftUIBasics/Preview Content\"";
				DEVELOPMENT_TEAM = A8MY7W6Z5F;
				ENABLE_PREVIEWS = YES;
				GENERATE_INFOPLIST_FILE = YES;
				INFOPLIST_KEY_UIApplicationSceneManifest_Generation = YES;
				INFOPLIST_KEY_UIApplicationSupportsIndirectInputEvents = YES;
				INFOPLIST_KEY_UILaunchScreen_Generation = YES;
				INFOPLIST_KEY_UISupportedInterfaceOrientations_iPad = "UIInterfaceOrientationPortrait UIInterfaceOrientationPortraitUpsideDown UIInterfaceOrientationLandscapeLeft UIInterfaceOrientationLandscapeRight";
				INFOPLIST_KEY_UISupportedInterfaceOrientations_iPhone = "UIInterfaceOrientationPortrait UIInterfaceOrientationLandscapeLeft UIInterfaceOrientationLandscapeRight";
				LD_RUNPATH_SEARCH_PATHS = (
					"$(inherited)",
					"@executable_path/Frameworks",
				);
				MARKETING_VERSION = 1.0;
				PRODUCT_BUNDLE_IDENTIFIER = com.GS.L.SwiftUIBasics;
				PRODUCT_NAME = "$(TARGET_NAME)";
				SWIFT_EMIT_LOC_STRINGS = YES;
				SWIFT_VERSION = 5.0;
				TARGETED_DEVICE_FAMILY = "1,2";
			};
			name = Release;
		};
		189A95F22811BFAA00F262DF /* Debug */ = {
			isa = XCBuildConfiguration;
			buildSettings = {
				ALWAYS_EMBED_SWIFT_STANDARD_LIBRARIES = YES;
				BUNDLE_LOADER = "$(TEST_HOST)";
				CODE_SIGN_STYLE = Automatic;
				CURRENT_PROJECT_VERSION = 1;
				DEVELOPMENT_TEAM = A8MY7W6Z5F;
				GENERATE_INFOPLIST_FILE = YES;
				IPHONEOS_DEPLOYMENT_TARGET = 15.2;
				MARKETING_VERSION = 1.0;
				PRODUCT_BUNDLE_IDENTIFIER = com.GS.L.SwiftUIBasicsTests;
				PRODUCT_NAME = "$(TARGET_NAME)";
				SWIFT_EMIT_LOC_STRINGS = NO;
				SWIFT_VERSION = 5.0;
				TARGETED_DEVICE_FAMILY = "1,2";
				TEST_HOST = "$(BUILT_PRODUCTS_DIR)/SwiftUIBasics.app/SwiftUIBasics";
			};
			name = Debug;
		};
		189A95F32811BFAA00F262DF /* Release */ = {
			isa = XCBuildConfiguration;
			buildSettings = {
				ALWAYS_EMBED_SWIFT_STANDARD_LIBRARIES = YES;
				BUNDLE_LOADER = "$(TEST_HOST)";
				CODE_SIGN_STYLE = Automatic;
				CURRENT_PROJECT_VERSION = 1;
				DEVELOPMENT_TEAM = A8MY7W6Z5F;
				GENERATE_INFOPLIST_FILE = YES;
				IPHONEOS_DEPLOYMENT_TARGET = 15.2;
				MARKETING_VERSION = 1.0;
				PRODUCT_BUNDLE_IDENTIFIER = com.GS.L.SwiftUIBasicsTests;
				PRODUCT_NAME = "$(TARGET_NAME)";
				SWIFT_EMIT_LOC_STRINGS = NO;
				SWIFT_VERSION = 5.0;
				TARGETED_DEVICE_FAMILY = "1,2";
				TEST_HOST = "$(BUILT_PRODUCTS_DIR)/SwiftUIBasics.app/SwiftUIBasics";
			};
			name = Release;
		};
		189A95F52811BFAA00F262DF /* Debug */ = {
			isa = XCBuildConfiguration;
			buildSettings = {
				ALWAYS_EMBED_SWIFT_STANDARD_LIBRARIES = YES;
				CODE_SIGN_STYLE = Automatic;
				CURRENT_PROJECT_VERSION = 1;
				DEVELOPMENT_TEAM = A8MY7W6Z5F;
				GENERATE_INFOPLIST_FILE = YES;
				MARKETING_VERSION = 1.0;
				PRODUCT_BUNDLE_IDENTIFIER = com.GS.L.SwiftUIBasicsUITests;
				PRODUCT_NAME = "$(TARGET_NAME)";
				SWIFT_EMIT_LOC_STRINGS = NO;
				SWIFT_VERSION = 5.0;
				TARGETED_DEVICE_FAMILY = "1,2";
				TEST_TARGET_NAME = SwiftUIBasics;
			};
			name = Debug;
		};
		189A95F62811BFAA00F262DF /* Release */ = {
			isa = XCBuildConfiguration;
			buildSettings = {
				ALWAYS_EMBED_SWIFT_STANDARD_LIBRARIES = YES;
				CODE_SIGN_STYLE = Automatic;
				CURRENT_PROJECT_VERSION = 1;
				DEVELOPMENT_TEAM = A8MY7W6Z5F;
				GENERATE_INFOPLIST_FILE = YES;
				MARKETING_VERSION = 1.0;
				PRODUCT_BUNDLE_IDENTIFIER = com.GS.L.SwiftUIBasicsUITests;
				PRODUCT_NAME = "$(TARGET_NAME)";
				SWIFT_EMIT_LOC_STRINGS = NO;
				SWIFT_VERSION = 5.0;
				TARGETED_DEVICE_FAMILY = "1,2";
				TEST_TARGET_NAME = SwiftUIBasics;
			};
			name = Release;
		};
/* End XCBuildConfiguration section */

/* Begin XCConfigurationList section */
		189A95C02811BFA700F262DF /* Build configuration list for PBXProject "SwiftUIBasics" */ = {
			isa = XCConfigurationList;
			buildConfigurations = (
				189A95EC2811BFAA00F262DF /* Debug */,
				189A95ED2811BFAA00F262DF /* Release */,
			);
			defaultConfigurationIsVisible = 0;
			defaultConfigurationName = Release;
		};
		189A95EE2811BFAA00F262DF /* Build configuration list for PBXNativeTarget "SwiftUIBasics" */ = {
			isa = XCConfigurationList;
			buildConfigurations = (
				189A95EF2811BFAA00F262DF /* Debug */,
				189A95F02811BFAA00F262DF /* Release */,
			);
			defaultConfigurationIsVisible = 0;
			defaultConfigurationName = Release;
		};
		189A95F12811BFAA00F262DF /* Build configuration list for PBXNativeTarget "SwiftUIBasicsTests" */ = {
			isa = XCConfigurationList;
			buildConfigurations = (
				189A95F22811BFAA00F262DF /* Debug */,
				189A95F32811BFAA00F262DF /* Release */,
			);
			defaultConfigurationIsVisible = 0;
			defaultConfigurationName = Release;
		};
		189A95F42811BFAA00F262DF /* Build configuration list for PBXNativeTarget "SwiftUIBasicsUITests" */ = {
			isa = XCConfigurationList;
			buildConfigurations = (
				189A95F52811BFAA00F262DF /* Debug */,
				189A95F62811BFAA00F262DF /* Release */,
			);
			defaultConfigurationIsVisible = 0;
			defaultConfigurationName = Release;
		};
/* End XCConfigurationList section */

/* Begin XCVersionGroup section */
		189A95D32811BFA900F262DF /* SwiftUIBasics.xcdatamodeld */ = {
			isa = XCVersionGroup;
			children = (
				189A95D42811BFA900F262DF /* SwiftUIBasics.xcdatamodel */,
			);
			currentVersion = 189A95D42811BFA900F262DF /* SwiftUIBasics.xcdatamodel */;
			path = SwiftUIBasics.xcdatamodeld;
			sourceTree = "<group>";
			versionGroupType = wrapper.xcdatamodel;
		};
/* End XCVersionGroup section */
	};
	rootObject = 189A95BD2811BFA700F262DF /* Project object */;
}
